{
  "name": "lab5_package",
  "version": "1.0.0",
  "lockfileVersion": 3,
  "requires": true,
  "packages": {
    "": {
      "name": "lab5_package",
      "version": "1.0.0",
      "license": "ISC",
      "dependencies": {
        "lab5_package": "^1.0.0",
        "nodemailer": "^6.9.7"
      },
      "devDependencies": {}
    },
    "node_modules/lab5_package": {
      "version": "1.0.0",
      "resolved": "https://registry.npmjs.org/lab5_package/-/lab5_package-1.0.0.tgz",
      "integrity": "sha512-a3edT86z3jcPsSUUQF/bj53l6xH5veXTEEK3i9NFy2mIGSgF/DX3BqqhiwyHx43zUc7zaBkjBZBmyFKu9SYrUA==",
      "dependencies": {
        "nodemailer": "^6.9.7"
      }
    },
    "node_modules/nodemailer": {
      "version": "6.9.7",
      "resolved": "https://registry.npmjs.org/nodemailer/-/nodemailer-6.9.7.tgz",
      "integrity": "sha512-rUtR77ksqex/eZRLmQ21LKVH5nAAsVicAtAYudK7JgwenEDZ0UIQ1adUGqErz7sMkWYxWTTU1aeP2Jga6WQyJw==",
      "engines": {
        "node": ">=6.0.0"
      }
    }
  }
}
